
Microsoft Visual Studio Solution File, Format Version 12.00
# Visual Studio 15
VisualStudioVersion = 15.0.28307.136
MinimumVisualStudioVersion = 10.0.40219.1
Project("{FAE04EC0-301F-11D3-BF4B-00C04F79EFBC}") = "Pose Estimator", "Pose Estimator.csproj", "{CEBDCB81-B842-4CDF-9242-80BD42587C8D}"
EndProject
Global
	GlobalSection(SolutionConfigurationPlatforms) = preSolution
		Debug|Any CPU = Debug|Any CPU
		Release|Any CPU = Release|Any CPU
	EndGlobalSection
	GlobalSection(ProjectConfigurationPlatforms) = postSolution
		{CEBDCB81-B842-4CDF-9242-80BD42587C8D}.Debug|Any CPU.ActiveCfg = Debug|Any CPU
		{CEBDCB81-B842-4CDF-9242-80BD42587C8D}.Debug|Any CPU.Build.0 = Debug|Any CPU
		{CEBDCB81-B842-4CDF-9242-80BD42587C8D}.Release|Any CPU.ActiveCfg = Release|Any CPU
		{CEBDCB81-B842-4CDF-9242-80BD42587C8D}.Release|Any CPU.Build.0 = Release|Any CPU
	EndGlobalSection
	GlobalSection(SolutionProperties) = preSolution
		HideSolutionNode = FALSE
	EndGlobalSection
	GlobalSection(ExtensibilityGlobals) = postSolution
		SolutionGuid = {FB5B9026-1B07-44A8-976F-60DB998FDE46}
	EndGlobalSection
EndGlobal
